
Microsoft Visual Studio Solution File, Format Version 12.00
# Visual Studio 15
VisualStudioVersion = 15.0.28010.2016
MinimumVisualStudioVersion = 10.0.40219.1
Project("{FAE04EC0-301F-11D3-BF4B-00C04F79EFBC}") = "InferenceEngine", "InferenceEngine\InferenceEngine.csproj", "{47C24067-C26C-4DDA-842F-70B7FF07043D}"
EndProject
Global
	GlobalSection(SolutionConfigurationPlatforms) = preSolution
		Debug|Any CPU = Debug|Any CPU
		Release|Any CPU = Release|Any CPU
	EndGlobalSection
	GlobalSection(ProjectConfigurationPlatforms) = postSolution
		{47C24067-C26C-4DDA-842F-70B7FF07043D}.Debug|Any CPU.ActiveCfg = Debug|Any CPU
		{47C24067-C26C-4DDA-842F-70B7FF07043D}.Debug|Any CPU.Build.0 = Debug|Any CPU
		{47C24067-C26C-4DDA-842F-70B7FF07043D}.Release|Any CPU.ActiveCfg = Release|Any CPU
		{47C24067-C26C-4DDA-842F-70B7FF07043D}.Release|Any CPU.Build.0 = Release|Any CPU
	EndGlobalSection
	GlobalSection(SolutionProperties) = preSolution
		HideSolutionNode = FALSE
	EndGlobalSection
	GlobalSection(ExtensibilityGlobals) = postSolution
		SolutionGuid = {7AD6B10F-61C2-419F-BCD8-33E697D97811}
	EndGlobalSection
EndGlobal
